
Microsoft Visual Studio Solution File, Format Version 12.00
# Visual Studio Version 17
VisualStudioVersion = 17.7.34018.315
MinimumVisualStudioVersion = 10.0.40219.1
Project("{FAE04EC0-301F-11D3-BF4B-00C04F79EFBC}") = "MauiApp1", "MauiApp1.csproj", "{4BD1C42C-0ECA-4375-ADC2-247EE9BC71D1}"
EndProject
Global
	GlobalSection(SolutionConfigurationPlatforms) = preSolution
		Debug|Any CPU = Debug|Any CPU
		Release|Any CPU = Release|Any CPU
	EndGlobalSection
	GlobalSection(ProjectConfigurationPlatforms) = postSolution
		{4BD1C42C-0ECA-4375-ADC2-247EE9BC71D1}.Debug|Any CPU.ActiveCfg = Debug|Any CPU
		{4BD1C42C-0ECA-4375-ADC2-247EE9BC71D1}.Debug|Any CPU.Build.0 = Debug|Any CPU
		{4BD1C42C-0ECA-4375-ADC2-247EE9BC71D1}.Debug|Any CPU.Deploy.0 = Debug|Any CPU
		{4BD1C42C-0ECA-4375-ADC2-247EE9BC71D1}.Release|Any CPU.ActiveCfg = Release|Any CPU
		{4BD1C42C-0ECA-4375-ADC2-247EE9BC71D1}.Release|Any CPU.Build.0 = Release|Any CPU
		{4BD1C42C-0ECA-4375-ADC2-247EE9BC71D1}.Release|Any CPU.Deploy.0 = Release|Any CPU
	EndGlobalSection
	GlobalSection(SolutionProperties) = preSolution
		HideSolutionNode = FALSE
	EndGlobalSection
	GlobalSection(ExtensibilityGlobals) = postSolution
		SolutionGuid = {88E86D92-4E5C-4934-8D36-A696DE599939}
	EndGlobalSection
EndGlobal
